{
  "lockfile_version": "1",
  "packages": {
    "bun@latest": {
      "last_modified": "2024-02-26T19:46:43Z",
      "resolved": "github:NixOS/nixpkgs/548a86b335d7ecd8b57ec617781f5e652ab0c38e#bun",
      "source": "devbox-search",
      "version": "1.0.29",
      "systems": {
        "aarch64-darwin": {
          "store_path": "/nix/store/vasy23jzcpk4vahmb76gs550gz5ibp7s-bun-1.0.29"
        },
        "aarch64-linux": {
          "store_path": "/nix/store/f669mpd7ini29ibwhvl7mi5d7vxpgvx3-bun-1.0.29"
        },
        "x86_64-linux": {
          "store_path": "/nix/store/jk432rp4sfm9y912yy071cxdx30bbhvm-bun-1.0.29"
        }
      }
    },
    "nodejs@latest": {
      "last_modified": "2024-02-24T23:06:34Z",
      "resolved": "github:NixOS/nixpkgs/9a9dae8f6319600fa9aebde37f340975cab4b8c0#nodejs_21",
      "source": "devbox-search",
      "version": "21.6.2",
      "systems": {
        "aarch64-darwin": {
          "store_path": "/nix/store/n9xcy53g63rk8vwb2yx5fb7i72rprpd1-nodejs-21.6.2"
        },
        "aarch64-linux": {
          "store_path": "/nix/store/mqvmpikgnk7bxvi977ysd0z81bjpflzj-nodejs-21.6.2"
        },
        "x86_64-darwin": {
          "store_path": "/nix/store/mdwxb1kdajvahhbpq3dhnaf3b01h7yb8-nodejs-21.6.2"
        },
        "x86_64-linux": {
          "store_path": "/nix/store/va3sggfgfb709lm31bzvpjfyapjdy435-nodejs-21.6.2"
        }
      }
    },
    "poetry@latest": {
      "last_modified": "2024-02-29T01:10:36Z",
      "plugin_version": "0.0.4",
      "resolved": "github:NixOS/nixpkgs/ec25c90d35d24e36c0af3b3d58a09542367ebbee#poetry",
      "source": "devbox-search",
      "version": "1.8.1",
      "systems": {
        "aarch64-darwin": {
          "store_path": "/nix/store/xwmp4k0ivvi728csl0k4wa768gfvyqfz-python3.11-poetry-1.8.1"
        },
        "aarch64-linux": {
          "store_path": "/nix/store/ivf7jj6rgpk8i9lrcrrlqgl05hvjda1m-python3.11-poetry-1.8.1"
        },
        "x86_64-darwin": {
          "store_path": "/nix/store/j3c2d8k9vhd7masa3k41n97s7vbfyzf3-python3.11-poetry-1.8.1"
        },
        "x86_64-linux": {
          "store_path": "/nix/store/xl3fh7zzi69fwa98avnglimw8kr24x23-python3.11-poetry-1.8.1"
        }
      }
    },
    "python@latest": {
      "last_modified": "2024-02-24T23:06:34Z",
      "plugin_version": "0.0.3",
      "resolved": "github:NixOS/nixpkgs/9a9dae8f6319600fa9aebde37f340975cab4b8c0#python312",
      "source": "devbox-search",
      "version": "3.12.2",
      "systems": {
        "aarch64-darwin": {
          "store_path": "/nix/store/15k5wj7q3psakinjs1czl6fdfghi5k6d-python3-3.12.2"
        },
        "aarch64-linux": {
          "store_path": "/nix/store/ks2j3hf91drxzbizlaiyxhbzcjbp015v-python3-3.12.2"
        },
        "x86_64-darwin": {
          "store_path": "/nix/store/x69mapgywbfgg8p4fdqy76lg0h9gf2kj-python3-3.12.2"
        },
        "x86_64-linux": {
          "store_path": "/nix/store/n3jf1lkdfakxskzsm4nlhss8mdgmcqhc-python3-3.12.2"
        }
      }
    },
    "sqlite@latest": {
      "last_modified": "2024-02-29T18:14:35Z",
      "resolved": "github:NixOS/nixpkgs/b5f6e3881acf8ca8a35b8cdb8d4021e5bd469a4e#sqlite",
      "source": "devbox-search",
      "version": "3.45.1",
      "systems": {
        "aarch64-darwin": {
          "store_path": "/nix/store/qbah6r1c3lv6nd1sh72z4w4n9wj6pqp1-sqlite-3.45.1-bin"
        },
        "aarch64-linux": {
          "store_path": "/nix/store/b24a3jn8jz7r09api8qximwpqxxas6cs-sqlite-3.45.1-bin"
        },
        "x86_64-darwin": {
          "store_path": "/nix/store/i3kb0arxmf9yxwm3y3ibam7qcgk7m0xa-sqlite-3.45.1-bin"
        },
        "x86_64-linux": {
          "store_path": "/nix/store/yxmqhaysyq861wbdnqbki4x4w05by70a-sqlite-3.45.1-bin"
        }
      }
    },
    "vagrant@latest": {
      "last_modified": "2024-02-26T10:27:36Z",
      "resolved": "github:NixOS/nixpkgs/fcea2b6260dd566c28c894b4207a5f2b56c2cba3#vagrant",
      "source": "devbox-search",
      "version": "2.3.7",
      "systems": {
        "aarch64-linux": {
          "store_path": "/nix/store/13ryjq93r639fryrmmqxmszl0zp1mrhd-vagrant-2.3.7"
        },
        "x86_64-linux": {
          "store_path": "/nix/store/h4q3rn3skz2z3h9f587kj2p7i8q9bwl7-vagrant-2.3.7"
        }
      }
    }
  }
}
