{
  "lockfile_version": "1",
  "packages": {
    "bun@latest": {
      "last_modified": "2024-02-05T02:15:44Z",
      "resolved": "github:NixOS/nixpkgs/0a254180b4cad6be45aa46dce896bdb8db5d2930#bun",
      "source": "devbox-search",
      "version": "1.0.26",
      "systems": {
        "aarch64-darwin": {
          "store_path": "/nix/store/pw0sc8pmp2ic09z30cvf58qpjhqzfky3-bun-1.0.26"
        },
        "aarch64-linux": {
          "store_path": "/nix/store/vbq8n9v62p5cd5f6j2x808zh9yfvzny0-bun-1.0.26"
        },
        "x86_64-linux": {
          "store_path": "/nix/store/2l3i4sl1s2vfgsv1359i164ryqvc2991-bun-1.0.26"
        }
      }
    },
    "poetry@latest": {
      "last_modified": "2024-01-30T04:45:19Z",
      "plugin_version": "0.0.4",
      "resolved": "github:NixOS/nixpkgs/222c1940fafeda4dea161858ffe6ebfc853d3db5#poetry",
      "source": "devbox-search",
      "version": "1.7.1",
      "systems": {
        "aarch64-darwin": {
          "store_path": "/nix/store/j6b74g49f64qngvvs8ds32imad5yd44b-python3.11-poetry-1.7.1"
        },
        "aarch64-linux": {
          "store_path": "/nix/store/fx71cnj77cqc62ws1b2h4jcvkbqfdh4y-python3.11-poetry-1.7.1"
        },
        "x86_64-darwin": {
          "store_path": "/nix/store/05yzp68x4ynli7v4k1n3d4ch1rsf9lmd-python3.11-poetry-1.7.1"
        },
        "x86_64-linux": {
          "store_path": "/nix/store/mlx3qmf9qs7a11gnvikbrqx8rlyqnnqc-python3.11-poetry-1.7.1"
        }
      }
    },
    "python312@latest": {
      "last_modified": "2024-01-27T14:55:31Z",
      "plugin_version": "0.0.3",
      "resolved": "github:NixOS/nixpkgs/160b762eda6d139ac10ae081f8f78d640dd523eb#python312",
      "source": "devbox-search",
      "version": "3.12.1",
      "systems": {
        "aarch64-darwin": {
          "store_path": "/nix/store/k4fw0ywavh35j6bqvk61hzzzfw5ncd0i-python3-3.12.1"
        },
        "aarch64-linux": {
          "store_path": "/nix/store/cs94qsdyinzhglpna06g4m3avwzrny1m-python3-3.12.1"
        },
        "x86_64-darwin": {
          "store_path": "/nix/store/g7gr0av2rkj57fqaklimdp769alxcfg1-python3-3.12.1"
        },
        "x86_64-linux": {
          "store_path": "/nix/store/ypbry1pg5zzl5prj35f5swzy1gir37ml-python3-3.12.1"
        }
      }
    }
  }
}
